// !$*UTF8*$!
{
	archiveVersion = 1;
	classes = {
	};
	objectVersion = 56;
	objects = {

/* Begin PBXBuildFile section */
		8342652819C46296949FC29C /* Pods_GoogleLogin.framework in Frameworks */ = {isa = PBXBuildFile; fileRef = 5B1FE2E2A5F645FF6CE0E85C /* Pods_GoogleLogin.framework */; };
		C78AEF0F2B14B0F100F5DC89 /* SecViewController.swift in Sources */ = {isa = PBXBuildFile; fileRef = C78AEF0D2B14B0F100F5DC89 /* SecViewController.swift */; };
		C7BE96B12B14A54F00A152E7 /* AppDelegate.swift in Sources */ = {isa = PBXBuildFile; fileRef = C7BE96B02B14A54F00A152E7 /* AppDelegate.swift */; };
		C7BE96B32B14A54F00A152E7 /* SceneDelegate.swift in Sources */ = {isa = PBXBuildFile; fileRef = C7BE96B22B14A54F00A152E7 /* SceneDelegate.swift */; };
		C7BE96B52B14A54F00A152E7 /* ViewController.swift in Sources */ = {isa = PBXBuildFile; fileRef = C7BE96B42B14A54F00A152E7 /* ViewController.swift */; };
		C7BE96B82B14A54F00A152E7 /* Main.storyboard in Resources */ = {isa = PBXBuildFile; fileRef = C7BE96B62B14A54F00A152E7 /* Main.storyboard */; };
		C7BE96BA2B14A55000A152E7 /* Assets.xcassets in Resources */ = {isa = PBXBuildFile; fileRef = C7BE96B92B14A55000A152E7 /* Assets.xcassets */; };
		C7BE96BD2B14A55000A152E7 /* LaunchScreen.storyboard in Resources */ = {isa = PBXBuildFile; fileRef = C7BE96BB2B14A55000A152E7 /* LaunchScreen.storyboard */; };
/* End PBXBuildFile section */

/* Begin PBXFileReference section */
		2CCA9D1CFA48EF4789C13BC1 /* Pods-GoogleLogin.debug.xcconfig */ = {isa = PBXFileReference; includeInIndex = 1; lastKnownFileType = text.xcconfig; name = "Pods-GoogleLogin.debug.xcconfig"; path = "Target Support Files/Pods-GoogleLogin/Pods-GoogleLogin.debug.xcconfig"; sourceTree = "<group>"; };
		5B1FE2E2A5F645FF6CE0E85C /* Pods_GoogleLogin.framework */ = {isa = PBXFileReference; explicitFileType = wrapper.framework; includeInIndex = 0; path = Pods_GoogleLogin.framework; sourceTree = BUILT_PRODUCTS_DIR; };
		C78AEF0D2B14B0F100F5DC89 /* SecViewController.swift */ = {isa = PBXFileReference; lastKnownFileType = sourcecode.swift; path = SecViewController.swift; sourceTree = "<group>"; };
		C7BE96AD2B14A54F00A152E7 /* GoogleLogin.app */ = {isa = PBXFileReference; explicitFileType = wrapper.application; includeInIndex = 0; path = GoogleLogin.app; sourceTree = BUILT_PRODUCTS_DIR; };
		C7BE96B02B14A54F00A152E7 /* AppDelegate.swift */ = {isa = PBXFileReference; lastKnownFileType = sourcecode.swift; path = AppDelegate.swift; sourceTree = "<group>"; };
		C7BE96B22B14A54F00A152E7 /* SceneDelegate.swift */ = {isa = PBXFileReference; lastKnownFileType = sourcecode.swift; path = SceneDelegate.swift; sourceTree = "<group>"; };
		C7BE96B42B14A54F00A152E7 /* ViewController.swift */ = {isa = PBXFileReference; lastKnownFileType = sourcecode.swift; path = ViewController.swift; sourceTree = "<group>"; };
		C7BE96B72B14A54F00A152E7 /* Base */ = {isa = PBXFileReference; lastKnownFileType = file.storyboard; name = Base; path = Base.lproj/Main.storyboard; sourceTree = "<group>"; };
		C7BE96B92B14A55000A152E7 /* Assets.xcassets */ = {isa = PBXFileReference; lastKnownFileType = folder.assetcatalog; path = Assets.xcassets; sourceTree = "<group>"; };
		C7BE96BC2B14A55000A152E7 /* Base */ = {isa = PBXFileReference; lastKnownFileType = file.storyboard; name = Base; path = Base.lproj/LaunchScreen.storyboard; sourceTree = "<group>"; };
		C7BE96BE2B14A55000A152E7 /* Info.plist */ = {isa = PBXFileReference; lastKnownFileType = text.plist.xml; path = Info.plist; sourceTree = "<group>"; };
		C7BFBC612B161C4900CB2C4A /* .gitignore.md */ = {isa = PBXFileReference; lastKnownFileType = net.daringfireball.markdown; path = .gitignore.md; sourceTree = "<group>"; };
		EA86390F67ADE1E468114F94 /* Pods-GoogleLogin.release.xcconfig */ = {isa = PBXFileReference; includeInIndex = 1; lastKnownFileType = text.xcconfig; name = "Pods-GoogleLogin.release.xcconfig"; path = "Target Support Files/Pods-GoogleLogin/Pods-GoogleLogin.release.xcconfig"; sourceTree = "<group>"; };
/* End PBXFileReference section */

/* Begin PBXFrameworksBuildPhase section */
		C7BE96AA2B14A54F00A152E7 /* Frameworks */ = {
			isa = PBXFrameworksBuildPhase;
			buildActionMask = 2147483647;
			files = (
				8342652819C46296949FC29C /* Pods_GoogleLogin.framework in Frameworks */,
			);
			runOnlyForDeploymentPostprocessing = 0;
		};
/* End PBXFrameworksBuildPhase section */

/* Begin PBXGroup section */
		09BB4E5A9BF20B060A080A38 /* Pods */ = {
			isa = PBXGroup;
			children = (
				2CCA9D1CFA48EF4789C13BC1 /* Pods-GoogleLogin.debug.xcconfig */,
				EA86390F67ADE1E468114F94 /* Pods-GoogleLogin.release.xcconfig */,
			);
			path = Pods;
			sourceTree = "<group>";
		};
		C7BE96A42B14A54F00A152E7 = {
			isa = PBXGroup;
			children = (
				C7BE96AF2B14A54F00A152E7 /* GoogleLogin */,
				C7BE96AE2B14A54F00A152E7 /* Products */,
				09BB4E5A9BF20B060A080A38 /* Pods */,
				F1C870337C426C2C8F642316 /* Frameworks */,
			);
			sourceTree = "<group>";
		};
		C7BE96AE2B14A54F00A152E7 /* Products */ = {
			isa = PBXGroup;
			children = (
				C7BE96AD2B14A54F00A152E7 /* GoogleLogin.app */,
			);
			name = Products;
			sourceTree = "<group>";
		};
		C7BE96AF2B14A54F00A152E7 /* GoogleLogin */ = {
			isa = PBXGroup;
			children = (
				C7BE96B02B14A54F00A152E7 /* AppDelegate.swift */,
				C7BE96B22B14A54F00A152E7 /* SceneDelegate.swift */,
				C7BE96B42B14A54F00A152E7 /* ViewController.swift */,
				C78AEF0D2B14B0F100F5DC89 /* SecViewController.swift */,
				C7BE96B62B14A54F00A152E7 /* Main.storyboard */,
				C7BE96B92B14A55000A152E7 /* Assets.xcassets */,
				C7BE96BB2B14A55000A152E7 /* LaunchScreen.storyboard */,
				C7BE96BE2B14A55000A152E7 /* Info.plist */,
				C7BFBC612B161C4900CB2C4A /* .gitignore.md */,
			);
			path = GoogleLogin;
			sourceTree = "<group>";
		};
		F1C870337C426C2C8F642316 /* Frameworks */ = {
			isa = PBXGroup;
			children = (
				5B1FE2E2A5F645FF6CE0E85C /* Pods_GoogleLogin.framework */,
			);
			name = Frameworks;
			sourceTree = "<group>";
		};
/* End PBXGroup section */

/* Begin PBXNativeTarget section */
		C7BE96AC2B14A54F00A152E7 /* GoogleLogin */ = {
			isa = PBXNativeTarget;
			buildConfigurationList = C7BE96C12B14A55000A152E7 /* Build configuration list for PBXNativeTarget "GoogleLogin" */;
			buildPhases = (
				4674338AADB1455D24D00186 /* [CP] Check Pods Manifest.lock */,
				C7BE96A92B14A54F00A152E7 /* Sources */,
				C7BE96AA2B14A54F00A152E7 /* Frameworks */,
				C7BE96AB2B14A54F00A152E7 /* Resources */,
				B9424A400D3D96455BB9E426 /* [CP] Embed Pods Frameworks */,
			);
			buildRules = (
			);
			dependencies = (
			);
			name = GoogleLogin;
			productName = GoogleLogin;
			productReference = C7BE96AD2B14A54F00A152E7 /* GoogleLogin.app */;
			productType = "com.apple.product-type.application";
		};
/* End PBXNativeTarget section */

/* Begin PBXProject section */
		C7BE96A52B14A54F00A152E7 /* Project object */ = {
			isa = PBXProject;
			attributes = {
				BuildIndependentTargetsInParallel = 1;
				LastSwiftUpdateCheck = 1410;
				LastUpgradeCheck = 1410;
				TargetAttributes = {
					C7BE96AC2B14A54F00A152E7 = {
						CreatedOnToolsVersion = 14.1;
					};
				};
			};
			buildConfigurationList = C7BE96A82B14A54F00A152E7 /* Build configuration list for PBXProject "GoogleLogin" */;
			compatibilityVersion = "Xcode 14.0";
			developmentRegion = en;
			hasScannedForEncodings = 0;
			knownRegions = (
				en,
				Base,
			);
			mainGroup = C7BE96A42B14A54F00A152E7;
			productRefGroup = C7BE96AE2B14A54F00A152E7 /* Products */;
			projectDirPath = "";
			projectRoot = "";
			targets = (
				C7BE96AC2B14A54F00A152E7 /* GoogleLogin */,
			);
		};
/* End PBXProject section */

/* Begin PBXResourcesBuildPhase section */
		C7BE96AB2B14A54F00A152E7 /* Resources */ = {
			isa = PBXResourcesBuildPhase;
			buildActionMask = 2147483647;
			files = (
				C7BE96BD2B14A55000A152E7 /* LaunchScreen.storyboard in Resources */,
				C7BE96BA2B14A55000A152E7 /* Assets.xcassets in Resources */,
				C7BE96B82B14A54F00A152E7 /* Main.storyboard in Resources */,
			);
			runOnlyForDeploymentPostprocessing = 0;
		};
/* End PBXResourcesBuildPhase section */

/* Begin PBXShellScriptBuildPhase section */
		4674338AADB1455D24D00186 /* [CP] Check Pods Manifest.lock */ = {
			isa = PBXShellScriptBuildPhase;
			buildActionMask = 2147483647;
			files = (
			);
			inputFileListPaths = (
			);
			inputPaths = (
				"${PODS_PODFILE_DIR_PATH}/Podfile.lock",
				"${PODS_ROOT}/Manifest.lock",
			);
			name = "[CP] Check Pods Manifest.lock";
			outputFileListPaths = (
			);
			outputPaths = (
				"$(DERIVED_FILE_DIR)/Pods-GoogleLogin-checkManifestLockResult.txt",
			);
			runOnlyForDeploymentPostprocessing = 0;
			shellPath = /bin/sh;
			shellScript = "diff \"${PODS_PODFILE_DIR_PATH}/Podfile.lock\" \"${PODS_ROOT}/Manifest.lock\" > /dev/null\nif [ $? != 0 ] ; then\n    # print error to STDERR\n    echo \"error: The sandbox is not in sync with the Podfile.lock. Run 'pod install' or update your CocoaPods installation.\" >&2\n    exit 1\nfi\n# This output is used by Xcode 'outputs' to avoid re-running this script phase.\necho \"SUCCESS\" > \"${SCRIPT_OUTPUT_FILE_0}\"\n";
			showEnvVarsInLog = 0;
		};
		B9424A400D3D96455BB9E426 /* [CP] Embed Pods Frameworks */ = {
			isa = PBXShellScriptBuildPhase;
			buildActionMask = 2147483647;
			files = (
			);
			inputFileListPaths = (
				"${PODS_ROOT}/Target Support Files/Pods-GoogleLogin/Pods-GoogleLogin-frameworks-${CONFIGURATION}-input-files.xcfilelist",
			);
			name = "[CP] Embed Pods Frameworks";
			outputFileListPaths = (
				"${PODS_ROOT}/Target Support Files/Pods-GoogleLogin/Pods-GoogleLogin-frameworks-${CONFIGURATION}-output-files.xcfilelist",
			);
			runOnlyForDeploymentPostprocessing = 0;
			shellPath = /bin/sh;
			shellScript = "\"${PODS_ROOT}/Target Support Files/Pods-GoogleLogin/Pods-GoogleLogin-frameworks.sh\"\n";
			showEnvVarsInLog = 0;
		};
/* End PBXShellScriptBuildPhase section */

/* Begin PBXSourcesBuildPhase section */
		C7BE96A92B14A54F00A152E7 /* Sources */ = {
			isa = PBXSourcesBuildPhase;
			buildActionMask = 2147483647;
			files = (
				C78AEF0F2B14B0F100F5DC89 /* SecViewController.swift in Sources */,
				C7BE96B52B14A54F00A152E7 /* ViewController.swift in Sources */,
				C7BE96B12B14A54F00A152E7 /* AppDelegate.swift in Sources */,
				C7BE96B32B14A54F00A152E7 /* SceneDelegate.swift in Sources */,
			);
			runOnlyForDeploymentPostprocessing = 0;
		};
/* End PBXSourcesBuildPhase section */

/* Begin PBXVariantGroup section */
		C7BE96B62B14A54F00A152E7 /* Main.storyboard */ = {
			isa = PBXVariantGroup;
			children = (
				C7BE96B72B14A54F00A152E7 /* Base */,
			);
			name = Main.storyboard;
			sourceTree = "<group>";
		};
		C7BE96BB2B14A55000A152E7 /* LaunchScreen.storyboard */ = {
			isa = PBXVariantGroup;
			children = (
				C7BE96BC2B14A55000A152E7 /* Base */,
			);
			name = LaunchScreen.storyboard;
			sourceTree = "<group>";
		};
/* End PBXVariantGroup section */

/* Begin XCBuildConfiguration section */
		C7BE96BF2B14A55000A152E7 /* Debug */ = {
			isa = XCBuildConfiguration;
			buildSettings = {
				ALWAYS_SEARCH_USER_PATHS = NO;
				CLANG_ANALYZER_NONNULL = YES;
				CLANG_ANALYZER_NUMBER_OBJECT_CONVERSION = YES_AGGRESSIVE;
				CLANG_CXX_LANGUAGE_STANDARD = "gnu++20";
				CLANG_ENABLE_MODULES = YES;
				CLANG_ENABLE_OBJC_ARC = YES;
				CLANG_ENABLE_OBJC_WEAK = YES;
				CLANG_WARN_BLOCK_CAPTURE_AUTORELEASING = YES;
				CLANG_WARN_BOOL_CONVERSION = YES;
				CLANG_WARN_COMMA = YES;
				CLANG_WARN_CONSTANT_CONVERSION = YES;
				CLANG_WARN_DEPRECATED_OBJC_IMPLEMENTATIONS = YES;
				CLANG_WARN_DIRECT_OBJC_ISA_USAGE = YES_ERROR;
				CLANG_WARN_DOCUMENTATION_COMMENTS = YES;
				CLANG_WARN_EMPTY_BODY = YES;
				CLANG_WARN_ENUM_CONVERSION = YES;
				CLANG_WARN_INFINITE_RECURSION = YES;
				CLANG_WARN_INT_CONVERSION = YES;
				CLANG_WARN_NON_LITERAL_NULL_CONVERSION = YES;
				CLANG_WARN_OBJC_IMPLICIT_RETAIN_SELF = YES;
				CLANG_WARN_OBJC_LITERAL_CONVERSION = YES;
				CLANG_WARN_OBJC_ROOT_CLASS = YES_ERROR;
				CLANG_WARN_QUOTED_INCLUDE_IN_FRAMEWORK_HEADER = YES;
				CLANG_WARN_RANGE_LOOP_ANALYSIS = YES;
				CLANG_WARN_STRICT_PROTOTYPES = YES;
				CLANG_WARN_SUSPICIOUS_MOVE = YES;
				CLANG_WARN_UNGUARDED_AVAILABILITY = YES_AGGRESSIVE;
				CLANG_WARN_UNREACHABLE_CODE = YES;
				CLANG_WARN__DUPLICATE_METHOD_MATCH = YES;
				COPY_PHASE_STRIP = NO;
				DEBUG_INFORMATION_FORMAT = dwarf;
				ENABLE_STRICT_OBJC_MSGSEND = YES;
				ENABLE_TESTABILITY = YES;
				GCC_C_LANGUAGE_STANDARD = gnu11;
				GCC_DYNAMIC_NO_PIC = NO;
				GCC_NO_COMMON_BLOCKS = YES;
				GCC_OPTIMIZATION_LEVEL = 0;
				GCC_PREPROCESSOR_DEFINITIONS = (
					"DEBUG=1",
					"$(inherited)",
				);
				GCC_WARN_64_TO_32_BIT_CONVERSION = YES;
				GCC_WARN_ABOUT_RETURN_TYPE = YES_ERROR;
				GCC_WARN_UNDECLARED_SELECTOR = YES;
				GCC_WARN_UNINITIALIZED_AUTOS = YES_AGGRESSIVE;
				GCC_WARN_UNUSED_FUNCTION = YES;
				GCC_WARN_UNUSED_VARIABLE = YES;
				IPHONEOS_DEPLOYMENT_TARGET = 16.1;
				MTL_ENABLE_DEBUG_INFO = INCLUDE_SOURCE;
				MTL_FAST_MATH = YES;
				ONLY_ACTIVE_ARCH = YES;
				SDKROOT = iphoneos;
				SWIFT_ACTIVE_COMPILATION_CONDITIONS = DEBUG;
				SWIFT_OPTIMIZATION_LEVEL = "-Onone";
			};
			name = Debug;
		};
		C7BE96C02B14A55000A152E7 /* Release */ = {
			isa = XCBuildConfiguration;
			buildSettings = {
				ALWAYS_SEARCH_USER_PATHS = NO;
				CLANG_ANALYZER_NONNULL = YES;
				CLANG_ANALYZER_NUMBER_OBJECT_CONVERSION = YES_AGGRESSIVE;
				CLANG_CXX_LANGUAGE_STANDARD = "gnu++20";
				CLANG_ENABLE_MODULES = YES;
				CLANG_ENABLE_OBJC_ARC = YES;
				CLANG_ENABLE_OBJC_WEAK = YES;
				CLANG_WARN_BLOCK_CAPTURE_AUTORELEASING = YES;
				CLANG_WARN_BOOL_CONVERSION = YES;
				CLANG_WARN_COMMA = YES;
				CLANG_WARN_CONSTANT_CONVERSION = YES;
				CLANG_WARN_DEPRECATED_OBJC_IMPLEMENTATIONS = YES;
				CLANG_WARN_DIRECT_OBJC_ISA_USAGE = YES_ERROR;
				CLANG_WARN_DOCUMENTATION_COMMENTS = YES;
				CLANG_WARN_EMPTY_BODY = YES;
				CLANG_WARN_ENUM_CONVERSION = YES;
				CLANG_WARN_INFINITE_RECURSION = YES;
				CLANG_WARN_INT_CONVERSION = YES;
				CLANG_WARN_NON_LITERAL_NULL_CONVERSION = YES;
				CLANG_WARN_OBJC_IMPLICIT_RETAIN_SELF = YES;
				CLANG_WARN_OBJC_LITERAL_CONVERSION = YES;
				CLANG_WARN_OBJC_ROOT_CLASS = YES_ERROR;
				CLANG_WARN_QUOTED_INCLUDE_IN_FRAMEWORK_HEADER = YES;
				CLANG_WARN_RANGE_LOOP_ANALYSIS = YES;
				CLANG_WARN_STRICT_PROTOTYPES = YES;
				CLANG_WARN_SUSPICIOUS_MOVE = YES;
				CLANG_WARN_UNGUARDED_AVAILABILITY = YES_AGGRESSIVE;
				CLANG_WARN_UNREACHABLE_CODE = YES;
				CLANG_WARN__DUPLICATE_METHOD_MATCH = YES;
				COPY_PHASE_STRIP = NO;
				DEBUG_INFORMATION_FORMAT = "dwarf-with-dsym";
				ENABLE_NS_ASSERTIONS = NO;
				ENABLE_STRICT_OBJC_MSGSEND = YES;
				GCC_C_LANGUAGE_STANDARD = gnu11;
				GCC_NO_COMMON_BLOCKS = YES;
				GCC_WARN_64_TO_32_BIT_CONVERSION = YES;
				GCC_WARN_ABOUT_RETURN_TYPE = YES_ERROR;
				GCC_WARN_UNDECLARED_SELECTOR = YES;
				GCC_WARN_UNINITIALIZED_AUTOS = YES_AGGRESSIVE;
				GCC_WARN_UNUSED_FUNCTION = YES;
				GCC_WARN_UNUSED_VARIABLE = YES;
				IPHONEOS_DEPLOYMENT_TARGET = 16.1;
				MTL_ENABLE_DEBUG_INFO = NO;
				MTL_FAST_MATH = YES;
				SDKROOT = iphoneos;
				SWIFT_COMPILATION_MODE = wholemodule;
				SWIFT_OPTIMIZATION_LEVEL = "-O";
				VALIDATE_PRODUCT = YES;
			};
			name = Release;
		};
		C7BE96C22B14A55000A152E7 /* Debug */ = {
			isa = XCBuildConfiguration;
			baseConfigurationReference = 2CCA9D1CFA48EF4789C13BC1 /* Pods-GoogleLogin.debug.xcconfig */;
			buildSettings = {
				ASSETCATALOG_COMPILER_APPICON_NAME = AppIcon;
				ASSETCATALOG_COMPILER_GLOBAL_ACCENT_COLOR_NAME = AccentColor;
				CODE_SIGN_STYLE = Automatic;
				CURRENT_PROJECT_VERSION = 1;
				GENERATE_INFOPLIST_FILE = YES;
				INFOPLIST_FILE = GoogleLogin/Info.plist;
				INFOPLIST_KEY_UIApplicationSupportsIndirectInputEvents = YES;
				INFOPLIST_KEY_UILaunchStoryboardName = LaunchScreen;
				INFOPLIST_KEY_UIMainStoryboardFile = Main;
				INFOPLIST_KEY_UISupportedInterfaceOrientations_iPad = "UIInterfaceOrientationPortrait UIInterfaceOrientationPortraitUpsideDown UIInterfaceOrientationLandscapeLeft UIInterfaceOrientationLandscapeRight";
				INFOPLIST_KEY_UISupportedInterfaceOrientations_iPhone = "UIInterfaceOrientationPortrait UIInterfaceOrientationLandscapeLeft UIInterfaceOrientationLandscapeRight";
				LD_RUNPATH_SEARCH_PATHS = (
					"$(inherited)",
					"@executable_path/Frameworks",
				);
				MARKETING_VERSION = 1.0;
				PRODUCT_BUNDLE_IDENTIFIER = com.practise.GoogleLogin;
				PRODUCT_NAME = "$(TARGET_NAME)";
				SWIFT_EMIT_LOC_STRINGS = YES;
				SWIFT_VERSION = 5.0;
				TARGETED_DEVICE_FAMILY = "1,2";
			};
			name = Debug;
		};
		C7BE96C32B14A55000A152E7 /* Release */ = {
			isa = XCBuildConfiguration;
			baseConfigurationReference = EA86390F67ADE1E468114F94 /* Pods-GoogleLogin.release.xcconfig */;
			buildSettings = {
				ASSETCATALOG_COMPILER_APPICON_NAME = AppIcon;
				ASSETCATALOG_COMPILER_GLOBAL_ACCENT_COLOR_NAME = AccentColor;
				CODE_SIGN_STYLE = Automatic;
				CURRENT_PROJECT_VERSION = 1;
				GENERATE_INFOPLIST_FILE = YES;
				INFOPLIST_FILE = GoogleLogin/Info.plist;
				INFOPLIST_KEY_UIApplicationSupportsIndirectInputEvents = YES;
				INFOPLIST_KEY_UILaunchStoryboardName = LaunchScreen;
				INFOPLIST_KEY_UIMainStoryboardFile = Main;
				INFOPLIST_KEY_UISupportedInterfaceOrientations_iPad = "UIInterfaceOrientationPortrait UIInterfaceOrientationPortraitUpsideDown UIInterfaceOrientationLandscapeLeft UIInterfaceOrientationLandscapeRight";
				INFOPLIST_KEY_UISupportedInterfaceOrientations_iPhone = "UIInterfaceOrientationPortrait UIInterfaceOrientationLandscapeLeft UIInterfaceOrientationLandscapeRight";
				LD_RUNPATH_SEARCH_PATHS = (
					"$(inherited)",
					"@executable_path/Frameworks",
				);
				MARKETING_VERSION = 1.0;
				PRODUCT_BUNDLE_IDENTIFIER = com.practise.GoogleLogin;
				PRODUCT_NAME = "$(TARGET_NAME)";
				SWIFT_EMIT_LOC_STRINGS = YES;
				SWIFT_VERSION = 5.0;
				TARGETED_DEVICE_FAMILY = "1,2";
			};
			name = Release;
		};
/* End XCBuildConfiguration section */

/* Begin XCConfigurationList section */
		C7BE96A82B14A54F00A152E7 /* Build configuration list for PBXProject "GoogleLogin" */ = {
			isa = XCConfigurationList;
			buildConfigurations = (
				C7BE96BF2B14A55000A152E7 /* Debug */,
				C7BE96C02B14A55000A152E7 /* Release */,
			);
			defaultConfigurationIsVisible = 0;
			defaultConfigurationName = Release;
		};
		C7BE96C12B14A55000A152E7 /* Build configuration list for PBXNativeTarget "GoogleLogin" */ = {
			isa = XCConfigurationList;
			buildConfigurations = (
				C7BE96C22B14A55000A152E7 /* Debug */,
				C7BE96C32B14A55000A152E7 /* Release */,
			);
			defaultConfigurationIsVisible = 0;
			defaultConfigurationName = Release;
		};
/* End XCConfigurationList section */
	};
	rootObject = C7BE96A52B14A54F00A152E7 /* Project object */;
}
